
Microsoft Visual Studio Solution File, Format Version 12.00
# Visual Studio Version 16
VisualStudioVersion = 16.0.31424.327
MinimumVisualStudioVersion = 10.0.40219.1
Project("{FAE04EC0-301F-11D3-BF4B-00C04F79EFBC}") = "EStore", "EStore.csproj", "{4BFCBC3C-6CDD-4BD7-A509-20B398EC290C}"
EndProject
Global
	GlobalSection(SolutionConfigurationPlatforms) = preSolution
		Debug|Any CPU = Debug|Any CPU
		Release|Any CPU = Release|Any CPU
	EndGlobalSection
	GlobalSection(ProjectConfigurationPlatforms) = postSolution
		{4BFCBC3C-6CDD-4BD7-A509-20B398EC290C}.Debug|Any CPU.ActiveCfg = Debug|Any CPU
		{4BFCBC3C-6CDD-4BD7-A509-20B398EC290C}.Debug|Any CPU.Build.0 = Debug|Any CPU
		{4BFCBC3C-6CDD-4BD7-A509-20B398EC290C}.Release|Any CPU.ActiveCfg = Release|Any CPU
		{4BFCBC3C-6CDD-4BD7-A509-20B398EC290C}.Release|Any CPU.Build.0 = Release|Any CPU
	EndGlobalSection
	GlobalSection(SolutionProperties) = preSolution
		HideSolutionNode = FALSE
	EndGlobalSection
	GlobalSection(ExtensibilityGlobals) = postSolution
		SolutionGuid = {D13A0727-CFCD-402C-91B6-2F3F6D885D88}
	EndGlobalSection
EndGlobal
